// !$*UTF8*$!
{
	archiveVersion = 1;
	classes = {
	};
	objectVersion = 46;
	objects = {

/* Begin PBXBuildFile section */
		2F375A451AB618DA0063FE80 /* OMChainAddress.m in Sources */ = {isa = PBXBuildFile; fileRef = 2F375A441AB618DA0063FE80 /* OMChainAddress.m */; };
		2F38B2511AB53B1D0068E871 /* main.m in Sources */ = {isa = PBXBuildFile; fileRef = 2F38B2501AB53B1D0068E871 /* main.m */; };
		2F38B2541AB53B1D0068E871 /* AppDelegate.m in Sources */ = {isa = PBXBuildFile; fileRef = 2F38B2531AB53B1D0068E871 /* AppDelegate.m */; };
		2F38B2571AB53B1D0068E871 /* OMChainDemoTableViewController.m in Sources */ = {isa = PBXBuildFile; fileRef = 2F38B2561AB53B1D0068E871 /* OMChainDemoTableViewController.m */; };
		2F38B25A1AB53B1D0068E871 /* Main.storyboard in Resources */ = {isa = PBXBuildFile; fileRef = 2F38B2581AB53B1D0068E871 /* Main.storyboard */; };
		2F38B25C1AB53B1D0068E871 /* Images.xcassets in Resources */ = {isa = PBXBuildFile; fileRef = 2F38B25B1AB53B1D0068E871 /* Images.xcassets */; };
		2F38B25F1AB53B1D0068E871 /* LaunchScreen.xib in Resources */ = {isa = PBXBuildFile; fileRef = 2F38B25D1AB53B1D0068E871 /* LaunchScreen.xib */; };
		2F38B26B1AB53B1D0068E871 /* OMChainKitTests.m in Sources */ = {isa = PBXBuildFile; fileRef = 2F38B26A1AB53B1D0068E871 /* OMChainKitTests.m */; };
		2F38B2761AB5E8D20068E871 /* OMChainWallet.m in Sources */ = {isa = PBXBuildFile; fileRef = 2F38B2751AB5E8D20068E871 /* OMChainWallet.m */; };
		2FEBA1571AB606E500C14679 /* OMChainTransaction.m in Sources */ = {isa = PBXBuildFile; fileRef = 2FEBA1561AB606E500C14679 /* OMChainTransaction.m */; };
/* End PBXBuildFile section */

/* Begin PBXContainerItemProxy section */
		2F38B2651AB53B1D0068E871 /* PBXContainerItemProxy */ = {
			isa = PBXContainerItemProxy;
			containerPortal = 2F38B2431AB53B1D0068E871 /* Project object */;
			proxyType = 1;
			remoteGlobalIDString = 2F38B24A1AB53B1D0068E871;
			remoteInfo = OMChainKit;
		};
/* End PBXContainerItemProxy section */

/* Begin PBXFileReference section */
		2F375A431AB618DA0063FE80 /* OMChainAddress.h */ = {isa = PBXFileReference; fileEncoding = 4; lastKnownFileType = sourcecode.c.h; name = OMChainAddress.h; path = Source/OMChainAddress.h; sourceTree = "<group>"; };
		2F375A441AB618DA0063FE80 /* OMChainAddress.m */ = {isa = PBXFileReference; fileEncoding = 4; lastKnownFileType = sourcecode.c.objc; name = OMChainAddress.m; path = Source/OMChainAddress.m; sourceTree = "<group>"; };
		2F38B24B1AB53B1D0068E871 /* OMChainKit.app */ = {isa = PBXFileReference; explicitFileType = wrapper.application; includeInIndex = 0; path = OMChainKit.app; sourceTree = BUILT_PRODUCTS_DIR; };
		2F38B24F1AB53B1D0068E871 /* Info.plist */ = {isa = PBXFileReference; lastKnownFileType = text.plist.xml; path = Info.plist; sourceTree = "<group>"; };
		2F38B2501AB53B1D0068E871 /* main.m */ = {isa = PBXFileReference; lastKnownFileType = sourcecode.c.objc; path = main.m; sourceTree = "<group>"; };
		2F38B2521AB53B1D0068E871 /* AppDelegate.h */ = {isa = PBXFileReference; lastKnownFileType = sourcecode.c.h; path = AppDelegate.h; sourceTree = "<group>"; };
		2F38B2531AB53B1D0068E871 /* AppDelegate.m */ = {isa = PBXFileReference; lastKnownFileType = sourcecode.c.objc; path = AppDelegate.m; sourceTree = "<group>"; };
		2F38B2551AB53B1D0068E871 /* OMChainDemoTableViewController.h */ = {isa = PBXFileReference; lastKnownFileType = sourcecode.c.h; path = OMChainDemoTableViewController.h; sourceTree = "<group>"; };
		2F38B2561AB53B1D0068E871 /* OMChainDemoTableViewController.m */ = {isa = PBXFileReference; lastKnownFileType = sourcecode.c.objc; path = OMChainDemoTableViewController.m; sourceTree = "<group>"; };
		2F38B2591AB53B1D0068E871 /* Base */ = {isa = PBXFileReference; lastKnownFileType = file.storyboard; name = Base; path = Base.lproj/Main.storyboard; sourceTree = "<group>"; };
		2F38B25B1AB53B1D0068E871 /* Images.xcassets */ = {isa = PBXFileReference; lastKnownFileType = folder.assetcatalog; path = Images.xcassets; sourceTree = "<group>"; };
		2F38B25E1AB53B1D0068E871 /* Base */ = {isa = PBXFileReference; lastKnownFileType = file.xib; name = Base; path = Base.lproj/LaunchScreen.xib; sourceTree = "<group>"; };
		2F38B2641AB53B1D0068E871 /* OMChainKitTests.xctest */ = {isa = PBXFileReference; explicitFileType = wrapper.cfbundle; includeInIndex = 0; path = OMChainKitTests.xctest; sourceTree = BUILT_PRODUCTS_DIR; };
		2F38B2691AB53B1D0068E871 /* Info.plist */ = {isa = PBXFileReference; lastKnownFileType = text.plist.xml; path = Info.plist; sourceTree = "<group>"; };
		2F38B26A1AB53B1D0068E871 /* OMChainKitTests.m */ = {isa = PBXFileReference; lastKnownFileType = sourcecode.c.objc; path = OMChainKitTests.m; sourceTree = "<group>"; };
		2F38B2741AB5E8D20068E871 /* OMChainWallet.h */ = {isa = PBXFileReference; fileEncoding = 4; lastKnownFileType = sourcecode.c.h; name = OMChainWallet.h; path = Source/OMChainWallet.h; sourceTree = "<group>"; };
		2F38B2751AB5E8D20068E871 /* OMChainWallet.m */ = {isa = PBXFileReference; fileEncoding = 4; lastKnownFileType = sourcecode.c.objc; name = OMChainWallet.m; path = Source/OMChainWallet.m; sourceTree = "<group>"; };
		2FEBA1551AB606E500C14679 /* OMChainTransaction.h */ = {isa = PBXFileReference; fileEncoding = 4; lastKnownFileType = sourcecode.c.h; name = OMChainTransaction.h; path = Source/OMChainTransaction.h; sourceTree = "<group>"; };
		2FEBA1561AB606E500C14679 /* OMChainTransaction.m */ = {isa = PBXFileReference; fileEncoding = 4; lastKnownFileType = sourcecode.c.objc; name = OMChainTransaction.m; path = Source/OMChainTransaction.m; sourceTree = "<group>"; };
/* End PBXFileReference section */

/* Begin PBXFrameworksBuildPhase section */
		2F38B2481AB53B1D0068E871 /* Frameworks */ = {
			isa = PBXFrameworksBuildPhase;
			buildActionMask = 2147483647;
			files = (
			);
			runOnlyForDeploymentPostprocessing = 0;
		};
		2F38B2611AB53B1D0068E871 /* Frameworks */ = {
			isa = PBXFrameworksBuildPhase;
			buildActionMask = 2147483647;
			files = (
			);
			runOnlyForDeploymentPostprocessing = 0;
		};
/* End PBXFrameworksBuildPhase section */

/* Begin PBXGroup section */
		2F375A461AB618E00063FE80 /* OMChainAddress */ = {
			isa = PBXGroup;
			children = (
				2F375A431AB618DA0063FE80 /* OMChainAddress.h */,
				2F375A441AB618DA0063FE80 /* OMChainAddress.m */,
			);
			name = OMChainAddress;
			sourceTree = "<group>";
		};
		2F38B2421AB53B1D0068E871 = {
			isa = PBXGroup;
			children = (
				2F38B24D1AB53B1D0068E871 /* OMChainKit */,
				2F38B2671AB53B1D0068E871 /* OMChainKitTests */,
				2F38B24C1AB53B1D0068E871 /* Products */,
			);
			sourceTree = "<group>";
		};
		2F38B24C1AB53B1D0068E871 /* Products */ = {
			isa = PBXGroup;
			children = (
				2F38B24B1AB53B1D0068E871 /* OMChainKit.app */,
				2F38B2641AB53B1D0068E871 /* OMChainKitTests.xctest */,
			);
			name = Products;
			sourceTree = "<group>";
		};
		2F38B24D1AB53B1D0068E871 /* OMChainKit */ = {
			isa = PBXGroup;
			children = (
				2F38B2771AB5E8D50068E871 /* Source */,
				2F38B2521AB53B1D0068E871 /* AppDelegate.h */,
				2F38B2531AB53B1D0068E871 /* AppDelegate.m */,
				2F38B2551AB53B1D0068E871 /* OMChainDemoTableViewController.h */,
				2F38B2561AB53B1D0068E871 /* OMChainDemoTableViewController.m */,
				2F38B2581AB53B1D0068E871 /* Main.storyboard */,
				2F38B25B1AB53B1D0068E871 /* Images.xcassets */,
				2F38B25D1AB53B1D0068E871 /* LaunchScreen.xib */,
				2F38B24E1AB53B1D0068E871 /* Supporting Files */,
			);
			path = OMChainKit;
			sourceTree = "<group>";
		};
		2F38B24E1AB53B1D0068E871 /* Supporting Files */ = {
			isa = PBXGroup;
			children = (
				2F38B24F1AB53B1D0068E871 /* Info.plist */,
				2F38B2501AB53B1D0068E871 /* main.m */,
			);
			name = "Supporting Files";
			sourceTree = "<group>";
		};
		2F38B2671AB53B1D0068E871 /* OMChainKitTests */ = {
			isa = PBXGroup;
			children = (
				2F38B26A1AB53B1D0068E871 /* OMChainKitTests.m */,
				2F38B2681AB53B1D0068E871 /* Supporting Files */,
			);
			path = OMChainKitTests;
			sourceTree = "<group>";
		};
		2F38B2681AB53B1D0068E871 /* Supporting Files */ = {
			isa = PBXGroup;
			children = (
				2F38B2691AB53B1D0068E871 /* Info.plist */,
			);
			name = "Supporting Files";
			sourceTree = "<group>";
		};
		2F38B2771AB5E8D50068E871 /* Source */ = {
			isa = PBXGroup;
			children = (
				2F38B2781AB5E8E10068E871 /* OMChainWallet */,
			);
			name = Source;
			sourceTree = "<group>";
		};
		2F38B2781AB5E8E10068E871 /* OMChainWallet */ = {
			isa = PBXGroup;
			children = (
				2FEBA1581AB606E900C14679 /* OMChainTransaction */,
				2F375A461AB618E00063FE80 /* OMChainAddress */,
				2F38B2741AB5E8D20068E871 /* OMChainWallet.h */,
				2F38B2751AB5E8D20068E871 /* OMChainWallet.m */,
			);
			name = OMChainWallet;
			sourceTree = "<group>";
		};
		2FEBA1581AB606E900C14679 /* OMChainTransaction */ = {
			isa = PBXGroup;
			children = (
				2FEBA1551AB606E500C14679 /* OMChainTransaction.h */,
				2FEBA1561AB606E500C14679 /* OMChainTransaction.m */,
			);
			name = OMChainTransaction;
			sourceTree = "<group>";
		};
/* End PBXGroup section */

/* Begin PBXNativeTarget section */
		2F38B24A1AB53B1D0068E871 /* OMChainKit */ = {
			isa = PBXNativeTarget;
			buildConfigurationList = 2F38B26E1AB53B1D0068E871 /* Build configuration list for PBXNativeTarget "OMChainKit" */;
			buildPhases = (
				2F38B2471AB53B1D0068E871 /* Sources */,
				2F38B2481AB53B1D0068E871 /* Frameworks */,
				2F38B2491AB53B1D0068E871 /* Resources */,
			);
			buildRules = (
			);
			dependencies = (
			);
			name = OMChainKit;
			productName = OMChainKit;
			productReference = 2F38B24B1AB53B1D0068E871 /* OMChainKit.app */;
			productType = "com.apple.product-type.application";
		};
		2F38B2631AB53B1D0068E871 /* OMChainKitTests */ = {
			isa = PBXNativeTarget;
			buildConfigurationList = 2F38B2711AB53B1D0068E871 /* Build configuration list for PBXNativeTarget "OMChainKitTests" */;
			buildPhases = (
				2F38B2601AB53B1D0068E871 /* Sources */,
				2F38B2611AB53B1D0068E871 /* Frameworks */,
				2F38B2621AB53B1D0068E871 /* Resources */,
			);
			buildRules = (
			);
			dependencies = (
				2F38B2661AB53B1D0068E871 /* PBXTargetDependency */,
			);
			name = OMChainKitTests;
			productName = OMChainKitTests;
			productReference = 2F38B2641AB53B1D0068E871 /* OMChainKitTests.xctest */;
			productType = "com.apple.product-type.bundle.unit-test";
		};
/* End PBXNativeTarget section */

/* Begin PBXProject section */
		2F38B2431AB53B1D0068E871 /* Project object */ = {
			isa = PBXProject;
			attributes = {
				LastUpgradeCheck = 0620;
				ORGANIZATIONNAME = ZaneHelton;
				TargetAttributes = {
					2F38B24A1AB53B1D0068E871 = {
						CreatedOnToolsVersion = 6.2;
						DevelopmentTeam = AY3UYD4VYW;
					};
					2F38B2631AB53B1D0068E871 = {
						CreatedOnToolsVersion = 6.2;
						TestTargetID = 2F38B24A1AB53B1D0068E871;
					};
				};
			};
			buildConfigurationList = 2F38B2461AB53B1D0068E871 /* Build configuration list for PBXProject "OMChainKit" */;
			compatibilityVersion = "Xcode 3.2";
			developmentRegion = English;
			hasScannedForEncodings = 0;
			knownRegions = (
				en,
				Base,
			);
			mainGroup = 2F38B2421AB53B1D0068E871;
			productRefGroup = 2F38B24C1AB53B1D0068E871 /* Products */;
			projectDirPath = "";
			projectRoot = "";
			targets = (
				2F38B24A1AB53B1D0068E871 /* OMChainKit */,
				2F38B2631AB53B1D0068E871 /* OMChainKitTests */,
			);
		};
/* End PBXProject section */

/* Begin PBXResourcesBuildPhase section */
		2F38B2491AB53B1D0068E871 /* Resources */ = {
			isa = PBXResourcesBuildPhase;
			buildActionMask = 2147483647;
			files = (
				2F38B25A1AB53B1D0068E871 /* Main.storyboard in Resources */,
				2F38B25F1AB53B1D0068E871 /* LaunchScreen.xib in Resources */,
				2F38B25C1AB53B1D0068E871 /* Images.xcassets in Resources */,
			);
			runOnlyForDeploymentPostprocessing = 0;
		};
		2F38B2621AB53B1D0068E871 /* Resources */ = {
			isa = PBXResourcesBuildPhase;
			buildActionMask = 2147483647;
			files = (
			);
			runOnlyForDeploymentPostprocessing = 0;
		};
/* End PBXResourcesBuildPhase section */

/* Begin PBXSourcesBuildPhase section */
		2F38B2471AB53B1D0068E871 /* Sources */ = {
			isa = PBXSourcesBuildPhase;
			buildActionMask = 2147483647;
			files = (
				2F375A451AB618DA0063FE80 /* OMChainAddress.m in Sources */,
				2F38B2571AB53B1D0068E871 /* OMChainDemoTableViewController.m in Sources */,
				2F38B2541AB53B1D0068E871 /* AppDelegate.m in Sources */,
				2FEBA1571AB606E500C14679 /* OMChainTransaction.m in Sources */,
				2F38B2761AB5E8D20068E871 /* OMChainWallet.m in Sources */,
				2F38B2511AB53B1D0068E871 /* main.m in Sources */,
			);
			runOnlyForDeploymentPostprocessing = 0;
		};
		2F38B2601AB53B1D0068E871 /* Sources */ = {
			isa = PBXSourcesBuildPhase;
			buildActionMask = 2147483647;
			files = (
				2F38B26B1AB53B1D0068E871 /* OMChainKitTests.m in Sources */,
			);
			runOnlyForDeploymentPostprocessing = 0;
		};
/* End PBXSourcesBuildPhase section */

/* Begin PBXTargetDependency section */
		2F38B2661AB53B1D0068E871 /* PBXTargetDependency */ = {
			isa = PBXTargetDependency;
			target = 2F38B24A1AB53B1D0068E871 /* OMChainKit */;
			targetProxy = 2F38B2651AB53B1D0068E871 /* PBXContainerItemProxy */;
		};
/* End PBXTargetDependency section */

/* Begin PBXVariantGroup section */
		2F38B2581AB53B1D0068E871 /* Main.storyboard */ = {
			isa = PBXVariantGroup;
			children = (
				2F38B2591AB53B1D0068E871 /* Base */,
			);
			name = Main.storyboard;
			sourceTree = "<group>";
		};
		2F38B25D1AB53B1D0068E871 /* LaunchScreen.xib */ = {
			isa = PBXVariantGroup;
			children = (
				2F38B25E1AB53B1D0068E871 /* Base */,
			);
			name = LaunchScreen.xib;
			sourceTree = "<group>";
		};
/* End PBXVariantGroup section */

/* Begin XCBuildConfiguration section */
		2F38B26C1AB53B1D0068E871 /* Debug */ = {
			isa = XCBuildConfiguration;
			buildSettings = {
				ALWAYS_SEARCH_USER_PATHS = NO;
				CLANG_CXX_LANGUAGE_STANDARD = "gnu++0x";
				CLANG_CXX_LIBRARY = "libc++";
				CLANG_ENABLE_MODULES = YES;
				CLANG_ENABLE_OBJC_ARC = YES;
				CLANG_WARN_BOOL_CONVERSION = YES;
				CLANG_WARN_CONSTANT_CONVERSION = YES;
				CLANG_WARN_DIRECT_OBJC_ISA_USAGE = YES_ERROR;
				CLANG_WARN_EMPTY_BODY = YES;
				CLANG_WARN_ENUM_CONVERSION = YES;
				CLANG_WARN_INT_CONVERSION = YES;
				CLANG_WARN_OBJC_ROOT_CLASS = YES_ERROR;
				CLANG_WARN_UNREACHABLE_CODE = YES;
				CLANG_WARN__DUPLICATE_METHOD_MATCH = YES;
				"CODE_SIGN_IDENTITY[sdk=iphoneos*]" = "iPhone Developer";
				COPY_PHASE_STRIP = NO;
				ENABLE_STRICT_OBJC_MSGSEND = YES;
				GCC_C_LANGUAGE_STANDARD = gnu99;
				GCC_DYNAMIC_NO_PIC = NO;
				GCC_OPTIMIZATION_LEVEL = 0;
				GCC_PREPROCESSOR_DEFINITIONS = (
					"DEBUG=1",
					"$(inherited)",
				);
				GCC_SYMBOLS_PRIVATE_EXTERN = NO;
				GCC_WARN_64_TO_32_BIT_CONVERSION = YES;
				GCC_WARN_ABOUT_RETURN_TYPE = YES_ERROR;
				GCC_WARN_UNDECLARED_SELECTOR = YES;
				GCC_WARN_UNINITIALIZED_AUTOS = YES_AGGRESSIVE;
				GCC_WARN_UNUSED_FUNCTION = YES;
				GCC_WARN_UNUSED_VARIABLE = YES;
				IPHONEOS_DEPLOYMENT_TARGET = 8.2;
				MTL_ENABLE_DEBUG_INFO = YES;
				ONLY_ACTIVE_ARCH = YES;
				SDKROOT = iphoneos;
			};
			name = Debug;
		};
		2F38B26D1AB53B1D0068E871 /* Release */ = {
			isa = XCBuildConfiguration;
			buildSettings = {
				ALWAYS_SEARCH_USER_PATHS = NO;
				CLANG_CXX_LANGUAGE_STANDARD = "gnu++0x";
				CLANG_CXX_LIBRARY = "libc++";
				CLANG_ENABLE_MODULES = YES;
				CLANG_ENABLE_OBJC_ARC = YES;
				CLANG_WARN_BOOL_CONVERSION = YES;
				CLANG_WARN_CONSTANT_CONVERSION = YES;
				CLANG_WARN_DIRECT_OBJC_ISA_USAGE = YES_ERROR;
				CLANG_WARN_EMPTY_BODY = YES;
				CLANG_WARN_ENUM_CONVERSION = YES;
				CLANG_WARN_INT_CONVERSION = YES;
				CLANG_WARN_OBJC_ROOT_CLASS = YES_ERROR;
				CLANG_WARN_UNREACHABLE_CODE = YES;
				CLANG_WARN__DUPLICATE_METHOD_MATCH = YES;
				"CODE_SIGN_IDENTITY[sdk=iphoneos*]" = "iPhone Developer";
				COPY_PHASE_STRIP = NO;
				ENABLE_NS_ASSERTIONS = NO;
				ENABLE_STRICT_OBJC_MSGSEND = YES;
				GCC_C_LANGUAGE_STANDARD = gnu99;
				GCC_WARN_64_TO_32_BIT_CONVERSION = YES;
				GCC_WARN_ABOUT_RETURN_TYPE = YES_ERROR;
				GCC_WARN_UNDECLARED_SELECTOR = YES;
				GCC_WARN_UNINITIALIZED_AUTOS = YES_AGGRESSIVE;
				GCC_WARN_UNUSED_FUNCTION = YES;
				GCC_WARN_UNUSED_VARIABLE = YES;
				IPHONEOS_DEPLOYMENT_TARGET = 8.2;
				MTL_ENABLE_DEBUG_INFO = NO;
				SDKROOT = iphoneos;
				VALIDATE_PRODUCT = YES;
			};
			name = Release;
		};
		2F38B26F1AB53B1D0068E871 /* Debug */ = {
			isa = XCBuildConfiguration;
			buildSettings = {
				ASSETCATALOG_COMPILER_APPICON_NAME = AppIcon;
				CODE_SIGN_IDENTITY = "iPhone Developer";
				INFOPLIST_FILE = OMChainKit/Info.plist;
				IPHONEOS_DEPLOYMENT_TARGET = 8.1;
				LD_RUNPATH_SEARCH_PATHS = "$(inherited) @executable_path/Frameworks";
				PRODUCT_NAME = "$(TARGET_NAME)";
			};
			name = Debug;
		};
		2F38B2701AB53B1D0068E871 /* Release */ = {
			isa = XCBuildConfiguration;
			buildSettings = {
				ASSETCATALOG_COMPILER_APPICON_NAME = AppIcon;
				CODE_SIGN_IDENTITY = "iPhone Developer";
				INFOPLIST_FILE = OMChainKit/Info.plist;
				IPHONEOS_DEPLOYMENT_TARGET = 8.1;
				LD_RUNPATH_SEARCH_PATHS = "$(inherited) @executable_path/Frameworks";
				PRODUCT_NAME = "$(TARGET_NAME)";
			};
			name = Release;
		};
		2F38B2721AB53B1D0068E871 /* Debug */ = {
			isa = XCBuildConfiguration;
			buildSettings = {
				BUNDLE_LOADER = "$(TEST_HOST)";
				FRAMEWORK_SEARCH_PATHS = (
					"$(SDKROOT)/Developer/Library/Frameworks",
					"$(inherited)",
				);
				GCC_PREPROCESSOR_DEFINITIONS = (
					"DEBUG=1",
					"$(inherited)",
				);
				INFOPLIST_FILE = OMChainKitTests/Info.plist;
				LD_RUNPATH_SEARCH_PATHS = "$(inherited) @executable_path/Frameworks @loader_path/Frameworks";
				PRODUCT_NAME = "$(TARGET_NAME)";
				TEST_HOST = "$(BUILT_PRODUCTS_DIR)/OMChainKit.app/OMChainKit";
			};
			name = Debug;
		};
		2F38B2731AB53B1D0068E871 /* Release */ = {
			isa = XCBuildConfiguration;
			buildSettings = {
				BUNDLE_LOADER = "$(TEST_HOST)";
				FRAMEWORK_SEARCH_PATHS = (
					"$(SDKROOT)/Developer/Library/Frameworks",
					"$(inherited)",
				);
				INFOPLIST_FILE = OMChainKitTests/Info.plist;
				LD_RUNPATH_SEARCH_PATHS = "$(inherited) @executable_path/Frameworks @loader_path/Frameworks";
				PRODUCT_NAME = "$(TARGET_NAME)";
				TEST_HOST = "$(BUILT_PRODUCTS_DIR)/OMChainKit.app/OMChainKit";
			};
			name = Release;
		};
/* End XCBuildConfiguration section */

/* Begin XCConfigurationList section */
		2F38B2461AB53B1D0068E871 /* Build configuration list for PBXProject "OMChainKit" */ = {
			isa = XCConfigurationList;
			buildConfigurations = (
				2F38B26C1AB53B1D0068E871 /* Debug */,
				2F38B26D1AB53B1D0068E871 /* Release */,
			);
			defaultConfigurationIsVisible = 0;
			defaultConfigurationName = Release;
		};
		2F38B26E1AB53B1D0068E871 /* Build configuration list for PBXNativeTarget "OMChainKit" */ = {
			isa = XCConfigurationList;
			buildConfigurations = (
				2F38B26F1AB53B1D0068E871 /* Debug */,
				2F38B2701AB53B1D0068E871 /* Release */,
			);
			defaultConfigurationIsVisible = 0;
			defaultConfigurationName = Release;
		};
		2F38B2711AB53B1D0068E871 /* Build configuration list for PBXNativeTarget "OMChainKitTests" */ = {
			isa = XCConfigurationList;
			buildConfigurations = (
				2F38B2721AB53B1D0068E871 /* Debug */,
				2F38B2731AB53B1D0068E871 /* Release */,
			);
			defaultConfigurationIsVisible = 0;
			defaultConfigurationName = Release;
		};
/* End XCConfigurationList section */
	};
	rootObject = 2F38B2431AB53B1D0068E871 /* Project object */;
}
